// !$*UTF8*$!
{
	archiveVersion = 1;
	classes = {
	};
	objectVersion = 50;
	objects = {

/* Begin PBXBuildFile section */
		F61A8F3922147EAB008FF979 /* LinearTester.cpp in Sources */ = {isa = PBXBuildFile; fileRef = F61A8F3722147EAB008FF979 /* LinearTester.cpp */; };
		F61AF15D21FF5DFB008547B6 /* Controller.cpp in Sources */ = {isa = PBXBuildFile; fileRef = F61AF15B21FF5DFB008547B6 /* Controller.cpp */; };
		F61AF15F21FF5EBD008547B6 /* Runner.cpp in Sources */ = {isa = PBXBuildFile; fileRef = F61AF15E21FF5EBC008547B6 /* Runner.cpp */; };
		F62C8620220C839600C46583 /* CrimeData.cpp in Sources */ = {isa = PBXBuildFile; fileRef = F62C861F220C839600C46583 /* CrimeData.cpp */; };
		F62C8623220C83AC00C46583 /* Music.cpp in Sources */ = {isa = PBXBuildFile; fileRef = F62C8622220C83AC00C46583 /* Music.cpp */; };
		F62C8627220C847B00C46583 /* FileController.cpp in Sources */ = {isa = PBXBuildFile; fileRef = F62C8625220C847B00C46583 /* FileController.cpp */; };
		F6F220B92209DC8F0014A8A9 /* Timer.cpp in Sources */ = {isa = PBXBuildFile; fileRef = F6F220B82209DC8F0014A8A9 /* Timer.cpp */; };
/* End PBXBuildFile section */

/* Begin PBXCopyFilesBuildPhase section */
		F61AF14B21FF5DAC008547B6 /* CopyFiles */ = {
			isa = PBXCopyFilesBuildPhase;
			buildActionMask = 2147483647;
			dstPath = /usr/share/man/man1/;
			dstSubfolderSpec = 0;
			files = (
			);
			runOnlyForDeploymentPostprocessing = 1;
		};
/* End PBXCopyFilesBuildPhase section */

/* Begin PBXFileReference section */
		F61A8F3722147EAB008FF979 /* LinearTester.cpp */ = {isa = PBXFileReference; lastKnownFileType = sourcecode.cpp.cpp; path = LinearTester.cpp; sourceTree = "<group>"; };
		F61A8F3822147EAB008FF979 /* LinearTester.hpp */ = {isa = PBXFileReference; lastKnownFileType = sourcecode.cpp.h; path = LinearTester.hpp; sourceTree = "<group>"; };
		F61AF14D21FF5DAC008547B6 /* DataStructures */ = {isa = PBXFileReference; explicitFileType = "compiled.mach-o.executable"; includeInIndex = 0; path = DataStructures; sourceTree = BUILT_PRODUCTS_DIR; };
		F61AF15B21FF5DFB008547B6 /* Controller.cpp */ = {isa = PBXFileReference; lastKnownFileType = sourcecode.cpp.cpp; path = Controller.cpp; sourceTree = "<group>"; };
		F61AF15C21FF5DFB008547B6 /* Controller.hpp */ = {isa = PBXFileReference; lastKnownFileType = sourcecode.cpp.h; path = Controller.hpp; sourceTree = "<group>"; };
		F61AF15E21FF5EBC008547B6 /* Runner.cpp */ = {isa = PBXFileReference; lastKnownFileType = sourcecode.cpp.cpp; path = Runner.cpp; sourceTree = "<group>"; };
		F62C861D220C837C00C46583 /* music.csv */ = {isa = PBXFileReference; lastKnownFileType = text; path = music.csv; sourceTree = "<group>"; };
		F62C861E220C838D00C46583 /* crime.csv */ = {isa = PBXFileReference; lastKnownFileType = text; path = crime.csv; sourceTree = "<group>"; };
		F62C861F220C839600C46583 /* CrimeData.cpp */ = {isa = PBXFileReference; fileEncoding = 4; lastKnownFileType = sourcecode.cpp.cpp; path = CrimeData.cpp; sourceTree = "<group>"; };
		F62C8621220C83A400C46583 /* CrimeData.hpp */ = {isa = PBXFileReference; lastKnownFileType = sourcecode.cpp.h; path = CrimeData.hpp; sourceTree = "<group>"; };
		F62C8622220C83AC00C46583 /* Music.cpp */ = {isa = PBXFileReference; fileEncoding = 4; lastKnownFileType = sourcecode.cpp.cpp; path = Music.cpp; sourceTree = "<group>"; };
		F62C8624220C83B100C46583 /* Music.hpp */ = {isa = PBXFileReference; lastKnownFileType = sourcecode.cpp.h; path = Music.hpp; sourceTree = "<group>"; };
		F62C8625220C847B00C46583 /* FileController.cpp */ = {isa = PBXFileReference; lastKnownFileType = sourcecode.cpp.cpp; path = FileController.cpp; sourceTree = "<group>"; };
		F62C8626220C847B00C46583 /* FileController.hpp */ = {isa = PBXFileReference; lastKnownFileType = sourcecode.cpp.h; path = FileController.hpp; sourceTree = "<group>"; };
		F62C8628220C84FD00C46583 /* List.hpp */ = {isa = PBXFileReference; lastKnownFileType = sourcecode.cpp.h; path = List.hpp; sourceTree = "<group>"; };
		F62C8629220C97B000C46583 /* LinkedList.hpp */ = {isa = PBXFileReference; lastKnownFileType = sourcecode.cpp.h; path = LinkedList.hpp; sourceTree = "<group>"; };
		F64E8C692201F294000C29D7 /* Node.hpp */ = {isa = PBXFileReference; fileEncoding = 4; lastKnownFileType = sourcecode.cpp.h; path = Node.hpp; sourceTree = "<group>"; };
		F64E8C6A2201F941000C29D7 /* LinearNode.hpp */ = {isa = PBXFileReference; lastKnownFileType = sourcecode.cpp.h; path = LinearNode.hpp; sourceTree = "<group>"; };
		F64E8C6C2202058E000C29D7 /* Array.hpp */ = {isa = PBXFileReference; lastKnownFileType = sourcecode.cpp.h; path = Array.hpp; sourceTree = "<group>"; };
		F68EBF3C2211D5880041776D /* Queue.hpp */ = {isa = PBXFileReference; lastKnownFileType = sourcecode.cpp.h; path = Queue.hpp; sourceTree = "<group>"; };
		F68EBF3D2211D5920041776D /* Stack.hpp */ = {isa = PBXFileReference; lastKnownFileType = sourcecode.cpp.h; path = Stack.hpp; sourceTree = "<group>"; };
		F6EF4C2F221EEF9E00113E68 /* DoubleNode.hpp */ = {isa = PBXFileReference; lastKnownFileType = sourcecode.cpp.h; path = DoubleNode.hpp; sourceTree = "<group>"; };
		F6F220B72209DC630014A8A9 /* Timer.hpp */ = {isa = PBXFileReference; lastKnownFileType = sourcecode.cpp.h; path = Timer.hpp; sourceTree = "<group>"; };
		F6F220B82209DC8F0014A8A9 /* Timer.cpp */ = {isa = PBXFileReference; lastKnownFileType = sourcecode.cpp.cpp; path = Timer.cpp; sourceTree = "<group>"; };
/* End PBXFileReference section */

/* Begin PBXFrameworksBuildPhase section */
		F61AF14A21FF5DAC008547B6 /* Frameworks */ = {
			isa = PBXFrameworksBuildPhase;
			buildActionMask = 2147483647;
			files = (
			);
			runOnlyForDeploymentPostprocessing = 0;
		};
/* End PBXFrameworksBuildPhase section */

/* Begin PBXGroup section */
		F61A8F3622147E98008FF979 /* Testers */ = {
			isa = PBXGroup;
			children = (
				F61A8F3722147EAB008FF979 /* LinearTester.cpp */,
				F61A8F3822147EAB008FF979 /* LinearTester.hpp */,
			);
			path = Testers;
			sourceTree = "<group>";
		};
		F61AF14421FF5DAC008547B6 = {
			isa = PBXGroup;
			children = (
				F61AF14F21FF5DAC008547B6 /* DataStructures */,
				F61AF14E21FF5DAC008547B6 /* Products */,
			);
			sourceTree = "<group>";
		};
		F61AF14E21FF5DAC008547B6 /* Products */ = {
			isa = PBXGroup;
			children = (
				F61AF14D21FF5DAC008547B6 /* DataStructures */,
			);
			name = Products;
			sourceTree = "<group>";
		};
		F61AF14F21FF5DAC008547B6 /* DataStructures */ = {
			isa = PBXGroup;
			children = (
				F61A8F3622147E98008FF979 /* Testers */,
				F6F220B62209DC190014A8A9 /* Tools */,
				F61AF15721FF5DBC008547B6 /* Model */,
				F61AF15821FF5DC5008547B6 /* Controller */,
				F61AF15A21FF5DD5008547B6 /* Diagrams */,
				F61AF15921FF5DCB008547B6 /* Resources */,
			);
			path = DataStructures;
			sourceTree = "<group>";
		};
		F61AF15721FF5DBC008547B6 /* Model */ = {
			isa = PBXGroup;
			children = (
				F64E8C6B22020498000C29D7 /* Linear */,
				F64E8C682201F262000C29D7 /* Nodes */,
			);
			path = Model;
			sourceTree = "<group>";
		};
		F61AF15821FF5DC5008547B6 /* Controller */ = {
			isa = PBXGroup;
			children = (
				F61AF15B21FF5DFB008547B6 /* Controller.cpp */,
				F61AF15C21FF5DFB008547B6 /* Controller.hpp */,
				F61AF15E21FF5EBC008547B6 /* Runner.cpp */,
				F62C8625220C847B00C46583 /* FileController.cpp */,
				F62C8626220C847B00C46583 /* FileController.hpp */,
				F68EBF3C2211D5880041776D /* Queue.hpp */,
				F68EBF3D2211D5920041776D /* Stack.hpp */,
			);
			path = Controller;
			sourceTree = "<group>";
		};
		F61AF15921FF5DCB008547B6 /* Resources */ = {
			isa = PBXGroup;
			children = (
				F62C861D220C837C00C46583 /* music.csv */,
				F62C861E220C838D00C46583 /* crime.csv */,
				F62C861F220C839600C46583 /* CrimeData.cpp */,
				F62C8621220C83A400C46583 /* CrimeData.hpp */,
				F62C8622220C83AC00C46583 /* Music.cpp */,
				F62C8624220C83B100C46583 /* Music.hpp */,
			);
			path = Resources;
			sourceTree = "<group>";
		};
		F61AF15A21FF5DD5008547B6 /* Diagrams */ = {
			isa = PBXGroup;
			children = (
			);
			path = Diagrams;
			sourceTree = "<group>";
		};
		F64E8C682201F262000C29D7 /* Nodes */ = {
			isa = PBXGroup;
			children = (
				F64E8C692201F294000C29D7 /* Node.hpp */,
				F64E8C6A2201F941000C29D7 /* LinearNode.hpp */,
				F6EF4C2F221EEF9E00113E68 /* DoubleNode.hpp */,
			);
			path = Nodes;
			sourceTree = "<group>";
		};
		F64E8C6B22020498000C29D7 /* Linear */ = {
			isa = PBXGroup;
			children = (
				F64E8C6C2202058E000C29D7 /* Array.hpp */,
				F62C8628220C84FD00C46583 /* List.hpp */,
				F62C8629220C97B000C46583 /* LinkedList.hpp */,
			);
			path = Linear;
			sourceTree = "<group>";
		};
		F6F220B62209DC190014A8A9 /* Tools */ = {
			isa = PBXGroup;
			children = (
				F6F220B72209DC630014A8A9 /* Timer.hpp */,
				F6F220B82209DC8F0014A8A9 /* Timer.cpp */,
			);
			path = Tools;
			sourceTree = "<group>";
		};
/* End PBXGroup section */

/* Begin PBXNativeTarget section */
		F61AF14C21FF5DAC008547B6 /* DataStructures */ = {
			isa = PBXNativeTarget;
			buildConfigurationList = F61AF15421FF5DAC008547B6 /* Build configuration list for PBXNativeTarget "DataStructures" */;
			buildPhases = (
				F61AF14921FF5DAC008547B6 /* Sources */,
				F61AF14A21FF5DAC008547B6 /* Frameworks */,
				F61AF14B21FF5DAC008547B6 /* CopyFiles */,
			);
			buildRules = (
			);
			dependencies = (
			);
			name = DataStructures;
			productName = DataStructures;
			productReference = F61AF14D21FF5DAC008547B6 /* DataStructures */;
			productType = "com.apple.product-type.tool";
		};
/* End PBXNativeTarget section */

/* Begin PBXProject section */
		F61AF14521FF5DAC008547B6 /* Project object */ = {
			isa = PBXProject;
			attributes = {
				LastUpgradeCheck = 1000;
				ORGANIZATIONNAME = "Cassat Stephen";
				TargetAttributes = {
					F61AF14C21FF5DAC008547B6 = {
						CreatedOnToolsVersion = 10.0;
					};
				};
			};
			buildConfigurationList = F61AF14821FF5DAC008547B6 /* Build configuration list for PBXProject "DataStructures" */;
			compatibilityVersion = "Xcode 9.3";
			developmentRegion = en;
			hasScannedForEncodings = 0;
			knownRegions = (
				en,
			);
			mainGroup = F61AF14421FF5DAC008547B6;
			productRefGroup = F61AF14E21FF5DAC008547B6 /* Products */;
			projectDirPath = "";
			projectRoot = "";
			targets = (
				F61AF14C21FF5DAC008547B6 /* DataStructures */,
			);
		};
/* End PBXProject section */

/* Begin PBXSourcesBuildPhase section */
		F61AF14921FF5DAC008547B6 /* Sources */ = {
			isa = PBXSourcesBuildPhase;
			buildActionMask = 2147483647;
			files = (
				F62C8623220C83AC00C46583 /* Music.cpp in Sources */,
				F62C8620220C839600C46583 /* CrimeData.cpp in Sources */,
				F6F220B92209DC8F0014A8A9 /* Timer.cpp in Sources */,
				F61AF15D21FF5DFB008547B6 /* Controller.cpp in Sources */,
				F61AF15F21FF5EBD008547B6 /* Runner.cpp in Sources */,
				F62C8627220C847B00C46583 /* FileController.cpp in Sources */,
				F61A8F3922147EAB008FF979 /* LinearTester.cpp in Sources */,
			);
			runOnlyForDeploymentPostprocessing = 0;
		};
/* End PBXSourcesBuildPhase section */

/* Begin XCBuildConfiguration section */
		F61AF15221FF5DAC008547B6 /* Debug */ = {
			isa = XCBuildConfiguration;
			buildSettings = {
				ALWAYS_SEARCH_USER_PATHS = NO;
				CLANG_ANALYZER_NONNULL = YES;
				CLANG_ANALYZER_NUMBER_OBJECT_CONVERSION = YES_AGGRESSIVE;
				CLANG_CXX_LANGUAGE_STANDARD = "gnu++14";
				CLANG_CXX_LIBRARY = "libc++";
				CLANG_ENABLE_MODULES = YES;
				CLANG_ENABLE_OBJC_ARC = YES;
				CLANG_ENABLE_OBJC_WEAK = YES;
				CLANG_WARN_BLOCK_CAPTURE_AUTORELEASING = YES;
				CLANG_WARN_BOOL_CONVERSION = YES;
				CLANG_WARN_COMMA = YES;
				CLANG_WARN_CONSTANT_CONVERSION = YES;
				CLANG_WARN_DEPRECATED_OBJC_IMPLEMENTATIONS = YES;
				CLANG_WARN_DIRECT_OBJC_ISA_USAGE = YES_ERROR;
				CLANG_WARN_DOCUMENTATION_COMMENTS = YES;
				CLANG_WARN_EMPTY_BODY = YES;
				CLANG_WARN_ENUM_CONVERSION = YES;
				CLANG_WARN_INFINITE_RECURSION = YES;
				CLANG_WARN_INT_CONVERSION = YES;
				CLANG_WARN_NON_LITERAL_NULL_CONVERSION = YES;
				CLANG_WARN_OBJC_IMPLICIT_RETAIN_SELF = YES;
				CLANG_WARN_OBJC_LITERAL_CONVERSION = YES;
				CLANG_WARN_OBJC_ROOT_CLASS = YES_ERROR;
				CLANG_WARN_RANGE_LOOP_ANALYSIS = YES;
				CLANG_WARN_STRICT_PROTOTYPES = YES;
				CLANG_WARN_SUSPICIOUS_MOVE = YES;
				CLANG_WARN_UNGUARDED_AVAILABILITY = YES_AGGRESSIVE;
				CLANG_WARN_UNREACHABLE_CODE = YES;
				CLANG_WARN__DUPLICATE_METHOD_MATCH = YES;
				CODE_SIGN_IDENTITY = "-";
				COPY_PHASE_STRIP = NO;
				DEBUG_INFORMATION_FORMAT = dwarf;
				ENABLE_STRICT_OBJC_MSGSEND = YES;
				ENABLE_TESTABILITY = YES;
				GCC_C_LANGUAGE_STANDARD = gnu11;
				GCC_DYNAMIC_NO_PIC = NO;
				GCC_NO_COMMON_BLOCKS = YES;
				GCC_OPTIMIZATION_LEVEL = 0;
				GCC_PREPROCESSOR_DEFINITIONS = (
					"DEBUG=1",
					"$(inherited)",
				);
				GCC_WARN_64_TO_32_BIT_CONVERSION = YES;
				GCC_WARN_ABOUT_RETURN_TYPE = YES_ERROR;
				GCC_WARN_UNDECLARED_SELECTOR = YES;
				GCC_WARN_UNINITIALIZED_AUTOS = YES_AGGRESSIVE;
				GCC_WARN_UNUSED_FUNCTION = YES;
				GCC_WARN_UNUSED_VARIABLE = YES;
				MACOSX_DEPLOYMENT_TARGET = 10.13;
				MTL_ENABLE_DEBUG_INFO = INCLUDE_SOURCE;
				MTL_FAST_MATH = YES;
				ONLY_ACTIVE_ARCH = YES;
				SDKROOT = macosx;
			};
			name = Debug;
		};
		F61AF15321FF5DAC008547B6 /* Release */ = {
			isa = XCBuildConfiguration;
			buildSettings = {
				ALWAYS_SEARCH_USER_PATHS = NO;
				CLANG_ANALYZER_NONNULL = YES;
				CLANG_ANALYZER_NUMBER_OBJECT_CONVERSION = YES_AGGRESSIVE;
				CLANG_CXX_LANGUAGE_STANDARD = "gnu++14";
				CLANG_CXX_LIBRARY = "libc++";
				CLANG_ENABLE_MODULES = YES;
				CLANG_ENABLE_OBJC_ARC = YES;
				CLANG_ENABLE_OBJC_WEAK = YES;
				CLANG_WARN_BLOCK_CAPTURE_AUTORELEASING = YES;
				CLANG_WARN_BOOL_CONVERSION = YES;
				CLANG_WARN_COMMA = YES;
				CLANG_WARN_CONSTANT_CONVERSION = YES;
				CLANG_WARN_DEPRECATED_OBJC_IMPLEMENTATIONS = YES;
				CLANG_WARN_DIRECT_OBJC_ISA_USAGE = YES_ERROR;
				CLANG_WARN_DOCUMENTATION_COMMENTS = YES;
				CLANG_WARN_EMPTY_BODY = YES;
				CLANG_WARN_ENUM_CONVERSION = YES;
				CLANG_WARN_INFINITE_RECURSION = YES;
				CLANG_WARN_INT_CONVERSION = YES;
				CLANG_WARN_NON_LITERAL_NULL_CONVERSION = YES;
				CLANG_WARN_OBJC_IMPLICIT_RETAIN_SELF = YES;
				CLANG_WARN_OBJC_LITERAL_CONVERSION = YES;
				CLANG_WARN_OBJC_ROOT_CLASS = YES_ERROR;
				CLANG_WARN_RANGE_LOOP_ANALYSIS = YES;
				CLANG_WARN_STRICT_PROTOTYPES = YES;
				CLANG_WARN_SUSPICIOUS_MOVE = YES;
				CLANG_WARN_UNGUARDED_AVAILABILITY = YES_AGGRESSIVE;
				CLANG_WARN_UNREACHABLE_CODE = YES;
				CLANG_WARN__DUPLICATE_METHOD_MATCH = YES;
				CODE_SIGN_IDENTITY = "-";
				COPY_PHASE_STRIP = NO;
				DEBUG_INFORMATION_FORMAT = "dwarf-with-dsym";
				ENABLE_NS_ASSERTIONS = NO;
				ENABLE_STRICT_OBJC_MSGSEND = YES;
				GCC_C_LANGUAGE_STANDARD = gnu11;
				GCC_NO_COMMON_BLOCKS = YES;
				GCC_WARN_64_TO_32_BIT_CONVERSION = YES;
				GCC_WARN_ABOUT_RETURN_TYPE = YES_ERROR;
				GCC_WARN_UNDECLARED_SELECTOR = YES;
				GCC_WARN_UNINITIALIZED_AUTOS = YES_AGGRESSIVE;
				GCC_WARN_UNUSED_FUNCTION = YES;
				GCC_WARN_UNUSED_VARIABLE = YES;
				MACOSX_DEPLOYMENT_TARGET = 10.13;
				MTL_ENABLE_DEBUG_INFO = NO;
				MTL_FAST_MATH = YES;
				SDKROOT = macosx;
			};
			name = Release;
		};
		F61AF15521FF5DAC008547B6 /* Debug */ = {
			isa = XCBuildConfiguration;
			buildSettings = {
				CODE_SIGN_STYLE = Automatic;
				PRODUCT_NAME = "$(TARGET_NAME)";
			};
			name = Debug;
		};
		F61AF15621FF5DAC008547B6 /* Release */ = {
			isa = XCBuildConfiguration;
			buildSettings = {
				CODE_SIGN_STYLE = Automatic;
				PRODUCT_NAME = "$(TARGET_NAME)";
			};
			name = Release;
		};
/* End XCBuildConfiguration section */

/* Begin XCConfigurationList section */
		F61AF14821FF5DAC008547B6 /* Build configuration list for PBXProject "DataStructures" */ = {
			isa = XCConfigurationList;
			buildConfigurations = (
				F61AF15221FF5DAC008547B6 /* Debug */,
				F61AF15321FF5DAC008547B6 /* Release */,
			);
			defaultConfigurationIsVisible = 0;
			defaultConfigurationName = Release;
		};
		F61AF15421FF5DAC008547B6 /* Build configuration list for PBXNativeTarget "DataStructures" */ = {
			isa = XCConfigurationList;
			buildConfigurations = (
				F61AF15521FF5DAC008547B6 /* Debug */,
				F61AF15621FF5DAC008547B6 /* Release */,
			);
			defaultConfigurationIsVisible = 0;
			defaultConfigurationName = Release;
		};
/* End XCConfigurationList section */
	};
	rootObject = F61AF14521FF5DAC008547B6 /* Project object */;
}
